
Microsoft Visual Studio Solution File, Format Version 12.00
# Visual Studio Version 16
VisualStudioVersion = 16.0.31702.278
MinimumVisualStudioVersion = 10.0.40219.1
Project("{FAE04EC0-301F-11D3-BF4B-00C04F79EFBC}") = "WebsiteBanHang", "WebsiteBanHang\WebsiteBanHang.csproj", "{F60A4B72-1E3F-4BB9-863E-CC871FCBB7FB}"
EndProject
Global
	GlobalSection(SolutionConfigurationPlatforms) = preSolution
		Debug|Any CPU = Debug|Any CPU
		Release|Any CPU = Release|Any CPU
	EndGlobalSection
	GlobalSection(ProjectConfigurationPlatforms) = postSolution
		{F60A4B72-1E3F-4BB9-863E-CC871FCBB7FB}.Debug|Any CPU.ActiveCfg = Debug|Any CPU
		{F60A4B72-1E3F-4BB9-863E-CC871FCBB7FB}.Debug|Any CPU.Build.0 = Debug|Any CPU
		{F60A4B72-1E3F-4BB9-863E-CC871FCBB7FB}.Release|Any CPU.ActiveCfg = Release|Any CPU
		{F60A4B72-1E3F-4BB9-863E-CC871FCBB7FB}.Release|Any CPU.Build.0 = Release|Any CPU
	EndGlobalSection
	GlobalSection(SolutionProperties) = preSolution
		HideSolutionNode = FALSE
	EndGlobalSection
	GlobalSection(ExtensibilityGlobals) = postSolution
		SolutionGuid = {CCFC6ADF-5F36-409D-829F-6A53287B7CD0}
	EndGlobalSection
EndGlobal
